PODS:
  - Alamofire (4.7.2)
  - lottie-ios (2.5.0)
  - Moya (11.0.2):
    - Moya/Core (= 11.0.2)
  - Moya/Core (11.0.2):
    - Alamofire (~> 4.1)
    - Result (~> 3.0)
  - PureLayout (3.0.2)
  - Result (3.2.4)

DEPENDENCIES:
  - lottie-ios
  - Moya (~> 11.0)
  - PureLayout

SPEC REPOS:
  https://github.com/cocoapods/specs.git:
    - Alamofire
    - lottie-ios
    - Moya
    - PureLayout
    - Result

SPEC CHECKSUMS:
  Alamofire: e4fa87002c137ba2d8d634d2c51fabcda0d5c223
  lottie-ios: d699fdee68d7b63e721d949388b015fef1aaa4ac
  Moya: a725035953bc1c0eb1be505ab903984501d82440
  PureLayout: 4d550abe49a94f24c2808b9b95db9131685fe4cd
  Result: d2d07204ce72856f1fd9130bbe42c35a7b0fea10

PODFILE CHECKSUM: deb71a102523d9cb3bede13c601969cacc0985e8

COCOAPODS: 1.5.3
